
Microsoft Visual Studio Solution File, Format Version 12.00
# Visual Studio 15
VisualStudioVersion = 15.0.27703.2047
MinimumVisualStudioVersion = 10.0.40219.1
Project("{FAE04EC0-301F-11D3-BF4B-00C04F79EFBC}") = "BacterialGrowth", "BacterialGrowth\BacterialGrowth.csproj", "{AE984353-C42D-463C-A191-8602E4451B82}"
EndProject
Global
	GlobalSection(SolutionConfigurationPlatforms) = preSolution
		Debug|Any CPU = Debug|Any CPU
		Release|Any CPU = Release|Any CPU
	EndGlobalSection
	GlobalSection(ProjectConfigurationPlatforms) = postSolution
		{AE984353-C42D-463C-A191-8602E4451B82}.Debug|Any CPU.ActiveCfg = Debug|Any CPU
		{AE984353-C42D-463C-A191-8602E4451B82}.Debug|Any CPU.Build.0 = Debug|Any CPU
		{AE984353-C42D-463C-A191-8602E4451B82}.Release|Any CPU.ActiveCfg = Release|Any CPU
		{AE984353-C42D-463C-A191-8602E4451B82}.Release|Any CPU.Build.0 = Release|Any CPU
	EndGlobalSection
	GlobalSection(SolutionProperties) = preSolution
		HideSolutionNode = FALSE
	EndGlobalSection
	GlobalSection(ExtensibilityGlobals) = postSolution
		SolutionGuid = {22F896D2-9C6E-48D9-BBCB-536698CB01F6}
	EndGlobalSection
EndGlobal
